
Microsoft Visual Studio Solution File, Format Version 12.00
# Visual Studio 2012
Project("{FAE04EC0-301F-11D3-BF4B-00C04F79EFBC}") = "ConsoleApplication5", "ConsoleApplication5\ConsoleApplication5.csproj", "{1F1B81B1-BFF4-4F15-9952-102BC8316EA7}"
EndProject
Global
	GlobalSection(SolutionConfigurationPlatforms) = preSolution
		Debug|Any CPU = Debug|Any CPU
		Debug|x64 = Debug|x64
		Release|Any CPU = Release|Any CPU
		Release|x64 = Release|x64
	EndGlobalSection
	GlobalSection(ProjectConfigurationPlatforms) = postSolution
		{1F1B81B1-BFF4-4F15-9952-102BC8316EA7}.Debug|Any CPU.ActiveCfg = Debug|Any CPU
		{1F1B81B1-BFF4-4F15-9952-102BC8316EA7}.Debug|Any CPU.Build.0 = Debug|Any CPU
		{1F1B81B1-BFF4-4F15-9952-102BC8316EA7}.Debug|x64.ActiveCfg = Debug|x64
		{1F1B81B1-BFF4-4F15-9952-102BC8316EA7}.Debug|x64.Build.0 = Debug|x64
		{1F1B81B1-BFF4-4F15-9952-102BC8316EA7}.Release|Any CPU.ActiveCfg = Release|Any CPU
		{1F1B81B1-BFF4-4F15-9952-102BC8316EA7}.Release|Any CPU.Build.0 = Release|Any CPU
		{1F1B81B1-BFF4-4F15-9952-102BC8316EA7}.Release|x64.ActiveCfg = Release|Any CPU
		{1F1B81B1-BFF4-4F15-9952-102BC8316EA7}.Release|x64.Build.0 = Release|Any CPU
	EndGlobalSection
	GlobalSection(SolutionProperties) = preSolution
		HideSolutionNode = FALSE
	EndGlobalSection
EndGlobal
